
Microsoft Visual Studio Solution File, Format Version 12.00
# Visual Studio 15
VisualStudioVersion = 15.0.28307.489
MinimumVisualStudioVersion = 10.0.40219.1
Project("{FAE04EC0-301F-11D3-BF4B-00C04F79EFBC}") = "LusApi", "LusApi\LusApi.csproj", "{799BD93B-80C2-40E5-9EDB-6982D3951A8A}"
EndProject
Project("{FAE04EC0-301F-11D3-BF4B-00C04F79EFBC}") = "LusCore", "LusCore\LusCore.csproj", "{021064D2-1139-40A3-923A-316708A282ED}"
EndProject
Project("{FAE04EC0-301F-11D3-BF4B-00C04F79EFBC}") = "LusService", "LusService\LusService.csproj", "{B24064F4-8769-4D7B-B5F7-CDA385C13DF5}"
EndProject
Global
	GlobalSection(SolutionConfigurationPlatforms) = preSolution
		Debug|Any CPU = Debug|Any CPU
		Release|Any CPU = Release|Any CPU
	EndGlobalSection
	GlobalSection(ProjectConfigurationPlatforms) = postSolution
		{799BD93B-80C2-40E5-9EDB-6982D3951A8A}.Debug|Any CPU.ActiveCfg = Debug|Any CPU
		{799BD93B-80C2-40E5-9EDB-6982D3951A8A}.Debug|Any CPU.Build.0 = Debug|Any CPU
		{799BD93B-80C2-40E5-9EDB-6982D3951A8A}.Release|Any CPU.ActiveCfg = Release|Any CPU
		{799BD93B-80C2-40E5-9EDB-6982D3951A8A}.Release|Any CPU.Build.0 = Release|Any CPU
		{021064D2-1139-40A3-923A-316708A282ED}.Debug|Any CPU.ActiveCfg = Debug|Any CPU
		{021064D2-1139-40A3-923A-316708A282ED}.Debug|Any CPU.Build.0 = Debug|Any CPU
		{021064D2-1139-40A3-923A-316708A282ED}.Release|Any CPU.ActiveCfg = Release|Any CPU
		{021064D2-1139-40A3-923A-316708A282ED}.Release|Any CPU.Build.0 = Release|Any CPU
		{B24064F4-8769-4D7B-B5F7-CDA385C13DF5}.Debug|Any CPU.ActiveCfg = Debug|Any CPU
		{B24064F4-8769-4D7B-B5F7-CDA385C13DF5}.Debug|Any CPU.Build.0 = Debug|Any CPU
		{B24064F4-8769-4D7B-B5F7-CDA385C13DF5}.Release|Any CPU.ActiveCfg = Release|Any CPU
		{B24064F4-8769-4D7B-B5F7-CDA385C13DF5}.Release|Any CPU.Build.0 = Release|Any CPU
	EndGlobalSection
	GlobalSection(SolutionProperties) = preSolution
		HideSolutionNode = FALSE
	EndGlobalSection
	GlobalSection(ExtensibilityGlobals) = postSolution
		SolutionGuid = {C9EAC1E7-9D3B-4969-A42D-6FA594539136}
	EndGlobalSection
EndGlobal
